
Microsoft Visual Studio Solution File, Format Version 12.00
# Visual Studio Version 17
VisualStudioVersion = 17.12.35527.113 d17.12
MinimumVisualStudioVersion = 10.0.40219.1
Project("{FAE04EC0-301F-11D3-BF4B-00C04F79EFBC}") = "TodoApp.API", "TodoApp.API\TodoApp.API.csproj", "{23173757-0C2A-4C23-925A-0C304118D508}"
EndProject
Project("{FAE04EC0-301F-11D3-BF4B-00C04F79EFBC}") = "TodoApp.Web", "TodoApp.Web\TodoApp.Web.csproj", "{58224B9A-E73D-40A1-9E0C-EF4849DE7CCC}"
EndProject
Global
	GlobalSection(SolutionConfigurationPlatforms) = preSolution
		Debug|Any CPU = Debug|Any CPU
		Release|Any CPU = Release|Any CPU
	EndGlobalSection
	GlobalSection(ProjectConfigurationPlatforms) = postSolution
		{23173757-0C2A-4C23-925A-0C304118D508}.Debug|Any CPU.ActiveCfg = Debug|Any CPU
		{23173757-0C2A-4C23-925A-0C304118D508}.Debug|Any CPU.Build.0 = Debug|Any CPU
		{23173757-0C2A-4C23-925A-0C304118D508}.Release|Any CPU.ActiveCfg = Release|Any CPU
		{23173757-0C2A-4C23-925A-0C304118D508}.Release|Any CPU.Build.0 = Release|Any CPU
		{58224B9A-E73D-40A1-9E0C-EF4849DE7CCC}.Debug|Any CPU.ActiveCfg = Debug|Any CPU
		{58224B9A-E73D-40A1-9E0C-EF4849DE7CCC}.Debug|Any CPU.Build.0 = Debug|Any CPU
		{58224B9A-E73D-40A1-9E0C-EF4849DE7CCC}.Release|Any CPU.ActiveCfg = Release|Any CPU
		{58224B9A-E73D-40A1-9E0C-EF4849DE7CCC}.Release|Any CPU.Build.0 = Release|Any CPU
	EndGlobalSection
	GlobalSection(SolutionProperties) = preSolution
		HideSolutionNode = FALSE
	EndGlobalSection
EndGlobal
